
Microsoft Visual Studio Solution File, Format Version 12.00
# Visual Studio Version 17
VisualStudioVersion = 17.8.34316.72
MinimumVisualStudioVersion = 10.0.40219.1
Project("{FAE04EC0-301F-11D3-BF4B-00C04F79EFBC}") = "ListOfEmployees", "ListOfEmployees\ListOfEmployees.csproj", "{D02AC4D6-BC4F-44E7-A769-6DE67746A60E}"
EndProject
Global
	GlobalSection(SolutionConfigurationPlatforms) = preSolution
		Debug|Any CPU = Debug|Any CPU
		Release|Any CPU = Release|Any CPU
	EndGlobalSection
	GlobalSection(ProjectConfigurationPlatforms) = postSolution
		{D02AC4D6-BC4F-44E7-A769-6DE67746A60E}.Debug|Any CPU.ActiveCfg = Debug|Any CPU
		{D02AC4D6-BC4F-44E7-A769-6DE67746A60E}.Debug|Any CPU.Build.0 = Debug|Any CPU
		{D02AC4D6-BC4F-44E7-A769-6DE67746A60E}.Release|Any CPU.ActiveCfg = Release|Any CPU
		{D02AC4D6-BC4F-44E7-A769-6DE67746A60E}.Release|Any CPU.Build.0 = Release|Any CPU
	EndGlobalSection
	GlobalSection(SolutionProperties) = preSolution
		HideSolutionNode = FALSE
	EndGlobalSection
	GlobalSection(ExtensibilityGlobals) = postSolution
		SolutionGuid = {229EE4AF-5113-4EDC-B801-A93652E34764}
	EndGlobalSection
EndGlobal
